// !$*UTF8*$!
{
	archiveVersion = 1;
	classes = {
	};
	objectVersion = 50;
	objects = {

/* Begin PBXBuildFile section */
		4079DAFC251C219E00C2906A /* AppDelegate.swift in Sources */ = {isa = PBXBuildFile; fileRef = 4079DAFB251C219E00C2906A /* AppDelegate.swift */; };
		4079DAFE251C219E00C2906A /* SceneDelegate.swift in Sources */ = {isa = PBXBuildFile; fileRef = 4079DAFD251C219E00C2906A /* SceneDelegate.swift */; };
		4079DB05251C21A000C2906A /* Assets.xcassets in Resources */ = {isa = PBXBuildFile; fileRef = 4079DB04251C21A000C2906A /* Assets.xcassets */; };
		4079DB08251C21A000C2906A /* LaunchScreen.storyboard in Resources */ = {isa = PBXBuildFile; fileRef = 4079DB06251C21A000C2906A /* LaunchScreen.storyboard */; };
		4079DB19251C26FC00C2906A /* CustomAlertController.swift in Sources */ = {isa = PBXBuildFile; fileRef = 4079DB18251C26FC00C2906A /* CustomAlertController.swift */; };
		4079DB1B251C273500C2906A /* AlertContainer.swift in Sources */ = {isa = PBXBuildFile; fileRef = 4079DB1A251C273500C2906A /* AlertContainer.swift */; };
		4079DB1E251C278B00C2906A /* TitleLabel.swift in Sources */ = {isa = PBXBuildFile; fileRef = 4079DB1D251C278B00C2906A /* TitleLabel.swift */; };
		4079DB20251C27C600C2906A /* BodyLabel.swift in Sources */ = {isa = PBXBuildFile; fileRef = 4079DB1F251C27C600C2906A /* BodyLabel.swift */; };
		4079DB22251C283900C2906A /* SecondaryTitleLabel.swift in Sources */ = {isa = PBXBuildFile; fileRef = 4079DB21251C283900C2906A /* SecondaryTitleLabel.swift */; };
		4079DB26251C2DDB00C2906A /* Service.swift in Sources */ = {isa = PBXBuildFile; fileRef = 4079DB25251C2DDB00C2906A /* Service.swift */; };
		4079DB28251C2E1F00C2906A /* Pull.swift in Sources */ = {isa = PBXBuildFile; fileRef = 4079DB27251C2E1F00C2906A /* Pull.swift */; };
		4079DB2A251C429100C2906A /* ErrorMessage.swift in Sources */ = {isa = PBXBuildFile; fileRef = 4079DB29251C429100C2906A /* ErrorMessage.swift */; };
		4079DB2C251C47E400C2906A /* UIViewController+Ext.swift in Sources */ = {isa = PBXBuildFile; fileRef = 4079DB2B251C47E400C2906A /* UIViewController+Ext.swift */; };
		4079DB2E251C483B00C2906A /* PullsViewModel.swift in Sources */ = {isa = PBXBuildFile; fileRef = 4079DB2D251C483B00C2906A /* PullsViewModel.swift */; };
		4079DB30251D061100C2906A /* PullRequestsTableView.swift in Sources */ = {isa = PBXBuildFile; fileRef = 4079DB2F251D061100C2906A /* PullRequestsTableView.swift */; };
		4079DB32251D065200C2906A /* PullRequestCell.swift in Sources */ = {isa = PBXBuildFile; fileRef = 4079DB31251D065200C2906A /* PullRequestCell.swift */; };
		40A1A6E4251D9AFE007B44E7 /* LayoutHelper.swift in Sources */ = {isa = PBXBuildFile; fileRef = 40A1A6E3251D9AFE007B44E7 /* LayoutHelper.swift */; };
		40A1A6E9251DCCB1007B44E7 /* File.swift in Sources */ = {isa = PBXBuildFile; fileRef = 40A1A6E8251DCCB1007B44E7 /* File.swift */; };
		40A1A6EB251DCCE9007B44E7 /* FileViewModel.swift in Sources */ = {isa = PBXBuildFile; fileRef = 40A1A6EA251DCCE9007B44E7 /* FileViewModel.swift */; };
		40A1A6EF251DCE14007B44E7 /* DiffsViewController.swift in Sources */ = {isa = PBXBuildFile; fileRef = 40A1A6EE251DCE14007B44E7 /* DiffsViewController.swift */; };
		40A1A6F2251DEC90007B44E7 /* CustomButton.swift in Sources */ = {isa = PBXBuildFile; fileRef = 40A1A6F1251DEC90007B44E7 /* CustomButton.swift */; };
		40A1A6F6251E0C79007B44E7 /* Row.swift in Sources */ = {isa = PBXBuildFile; fileRef = 40A1A6F5251E0C79007B44E7 /* Row.swift */; };
		40A1A6F8251E0CD0007B44E7 /* RowViewModel.swift in Sources */ = {isa = PBXBuildFile; fileRef = 40A1A6F7251E0CD0007B44E7 /* RowViewModel.swift */; };
		40A1A6FA251E0DF6007B44E7 /* SectionCell.swift in Sources */ = {isa = PBXBuildFile; fileRef = 40A1A6F9251E0DF6007B44E7 /* SectionCell.swift */; };
		40A1A6FC251E0E1D007B44E7 /* FileNameCell.swift in Sources */ = {isa = PBXBuildFile; fileRef = 40A1A6FB251E0E1D007B44E7 /* FileNameCell.swift */; };
		40A1A6FE251E0E48007B44E7 /* DiffRowCell.swift in Sources */ = {isa = PBXBuildFile; fileRef = 40A1A6FD251E0E48007B44E7 /* DiffRowCell.swift */; };
		40A1A702251E2190007B44E7 /* image1.png in Resources */ = {isa = PBXBuildFile; fileRef = 40A1A700251E2190007B44E7 /* image1.png */; };
		40A1A703251E2190007B44E7 /* image2.png in Resources */ = {isa = PBXBuildFile; fileRef = 40A1A701251E2190007B44E7 /* image2.png */; };
/* End PBXBuildFile section */

/* Begin PBXFileReference section */
		4079DAF8251C219E00C2906A /* PullRequestsDiffs.app */ = {isa = PBXFileReference; explicitFileType = wrapper.application; includeInIndex = 0; path = PullRequestsDiffs.app; sourceTree = BUILT_PRODUCTS_DIR; };
		4079DAFB251C219E00C2906A /* AppDelegate.swift */ = {isa = PBXFileReference; lastKnownFileType = sourcecode.swift; path = AppDelegate.swift; sourceTree = "<group>"; };
		4079DAFD251C219E00C2906A /* SceneDelegate.swift */ = {isa = PBXFileReference; lastKnownFileType = sourcecode.swift; path = SceneDelegate.swift; sourceTree = "<group>"; };
		4079DB04251C21A000C2906A /* Assets.xcassets */ = {isa = PBXFileReference; lastKnownFileType = folder.assetcatalog; path = Assets.xcassets; sourceTree = "<group>"; };
		4079DB07251C21A000C2906A /* Base */ = {isa = PBXFileReference; lastKnownFileType = file.storyboard; name = Base; path = Base.lproj/LaunchScreen.storyboard; sourceTree = "<group>"; };
		4079DB09251C21A000C2906A /* Info.plist */ = {isa = PBXFileReference; lastKnownFileType = text.plist.xml; path = Info.plist; sourceTree = "<group>"; };
		4079DB18251C26FC00C2906A /* CustomAlertController.swift */ = {isa = PBXFileReference; lastKnownFileType = sourcecode.swift; path = CustomAlertController.swift; sourceTree = "<group>"; };
		4079DB1A251C273500C2906A /* AlertContainer.swift */ = {isa = PBXFileReference; lastKnownFileType = sourcecode.swift; path = AlertContainer.swift; sourceTree = "<group>"; };
		4079DB1D251C278B00C2906A /* TitleLabel.swift */ = {isa = PBXFileReference; lastKnownFileType = sourcecode.swift; path = TitleLabel.swift; sourceTree = "<group>"; };
		4079DB1F251C27C600C2906A /* BodyLabel.swift */ = {isa = PBXFileReference; lastKnownFileType = sourcecode.swift; path = BodyLabel.swift; sourceTree = "<group>"; };
		4079DB21251C283900C2906A /* SecondaryTitleLabel.swift */ = {isa = PBXFileReference; lastKnownFileType = sourcecode.swift; path = SecondaryTitleLabel.swift; sourceTree = "<group>"; };
		4079DB25251C2DDB00C2906A /* Service.swift */ = {isa = PBXFileReference; lastKnownFileType = sourcecode.swift; path = Service.swift; sourceTree = "<group>"; };
		4079DB27251C2E1F00C2906A /* Pull.swift */ = {isa = PBXFileReference; lastKnownFileType = sourcecode.swift; path = Pull.swift; sourceTree = "<group>"; };
		4079DB29251C429100C2906A /* ErrorMessage.swift */ = {isa = PBXFileReference; lastKnownFileType = sourcecode.swift; path = ErrorMessage.swift; sourceTree = "<group>"; };
		4079DB2B251C47E400C2906A /* UIViewController+Ext.swift */ = {isa = PBXFileReference; lastKnownFileType = sourcecode.swift; path = "UIViewController+Ext.swift"; sourceTree = "<group>"; };
		4079DB2D251C483B00C2906A /* PullsViewModel.swift */ = {isa = PBXFileReference; lastKnownFileType = sourcecode.swift; path = PullsViewModel.swift; sourceTree = "<group>"; };
		4079DB2F251D061100C2906A /* PullRequestsTableView.swift */ = {isa = PBXFileReference; lastKnownFileType = sourcecode.swift; path = PullRequestsTableView.swift; sourceTree = "<group>"; };
		4079DB31251D065200C2906A /* PullRequestCell.swift */ = {isa = PBXFileReference; lastKnownFileType = sourcecode.swift; path = PullRequestCell.swift; sourceTree = "<group>"; };
		40A1A6E3251D9AFE007B44E7 /* LayoutHelper.swift */ = {isa = PBXFileReference; lastKnownFileType = sourcecode.swift; path = LayoutHelper.swift; sourceTree = "<group>"; };
		40A1A6E8251DCCB1007B44E7 /* File.swift */ = {isa = PBXFileReference; lastKnownFileType = sourcecode.swift; path = File.swift; sourceTree = "<group>"; };
		40A1A6EA251DCCE9007B44E7 /* FileViewModel.swift */ = {isa = PBXFileReference; lastKnownFileType = sourcecode.swift; path = FileViewModel.swift; sourceTree = "<group>"; };
		40A1A6EE251DCE14007B44E7 /* DiffsViewController.swift */ = {isa = PBXFileReference; lastKnownFileType = sourcecode.swift; path = DiffsViewController.swift; sourceTree = "<group>"; };
		40A1A6F1251DEC90007B44E7 /* CustomButton.swift */ = {isa = PBXFileReference; fileEncoding = 4; lastKnownFileType = sourcecode.swift; path = CustomButton.swift; sourceTree = "<group>"; };
		40A1A6F5251E0C79007B44E7 /* Row.swift */ = {isa = PBXFileReference; lastKnownFileType = sourcecode.swift; path = Row.swift; sourceTree = "<group>"; };
		40A1A6F7251E0CD0007B44E7 /* RowViewModel.swift */ = {isa = PBXFileReference; lastKnownFileType = sourcecode.swift; path = RowViewModel.swift; sourceTree = "<group>"; };
		40A1A6F9251E0DF6007B44E7 /* SectionCell.swift */ = {isa = PBXFileReference; lastKnownFileType = sourcecode.swift; path = SectionCell.swift; sourceTree = "<group>"; };
		40A1A6FB251E0E1D007B44E7 /* FileNameCell.swift */ = {isa = PBXFileReference; lastKnownFileType = sourcecode.swift; path = FileNameCell.swift; sourceTree = "<group>"; };
		40A1A6FD251E0E48007B44E7 /* DiffRowCell.swift */ = {isa = PBXFileReference; lastKnownFileType = sourcecode.swift; path = DiffRowCell.swift; sourceTree = "<group>"; };
		40A1A700251E2190007B44E7 /* image1.png */ = {isa = PBXFileReference; lastKnownFileType = image.png; path = image1.png; sourceTree = "<group>"; };
		40A1A701251E2190007B44E7 /* image2.png */ = {isa = PBXFileReference; lastKnownFileType = image.png; path = image2.png; sourceTree = "<group>"; };
/* End PBXFileReference section */

/* Begin PBXFrameworksBuildPhase section */
		4079DAF5251C219E00C2906A /* Frameworks */ = {
			isa = PBXFrameworksBuildPhase;
			buildActionMask = 2147483647;
			files = (
			);
			runOnlyForDeploymentPostprocessing = 0;
		};
/* End PBXFrameworksBuildPhase section */

/* Begin PBXGroup section */
		4079DAEF251C219E00C2906A = {
			isa = PBXGroup;
			children = (
				4079DAFA251C219E00C2906A /* PullRequestsDiffs */,
				4079DAF9251C219E00C2906A /* Products */,
				ED0E24F69B35CF4DBA103AD6 /* Pods */,
			);
			sourceTree = "<group>";
		};
		4079DAF9251C219E00C2906A /* Products */ = {
			isa = PBXGroup;
			children = (
				4079DAF8251C219E00C2906A /* PullRequestsDiffs.app */,
			);
			name = Products;
			sourceTree = "<group>";
		};
		4079DAFA251C219E00C2906A /* PullRequestsDiffs */ = {
			isa = PBXGroup;
			children = (
				40A1A6FF251E216D007B44E7 /* images */,
				40A1A6E2251D9AE8007B44E7 /* Helper */,
				4079DB0F251C243E00C2906A /* Manager */,
				4079DB10251C244900C2906A /* Model */,
				4079DB12251C246100C2906A /* ViewModel */,
				40A1A6E5251DCC55007B44E7 /* Cells */,
				4079DB11251C245A00C2906A /* Views */,
				4079DB13251C246700C2906A /* Controllers */,
				4079DB17251C24B900C2906A /* Alerts */,
				4079DB1C251C277200C2906A /* Labels */,
				40A1A6F0251DEC90007B44E7 /* Buttons */,
				4079DB15251C248D00C2906A /* Utilities */,
				4079DB14251C247A00C2906A /* Support */,
				4079DB06251C21A000C2906A /* LaunchScreen.storyboard */,
				4079DB09251C21A000C2906A /* Info.plist */,
			);
			path = PullRequestsDiffs;
			sourceTree = "<group>";
		};
		4079DB0F251C243E00C2906A /* Manager */ = {
			isa = PBXGroup;
			children = (
				4079DB25251C2DDB00C2906A /* Service.swift */,
			);
			path = Manager;
			sourceTree = "<group>";
		};
		4079DB10251C244900C2906A /* Model */ = {
			isa = PBXGroup;
			children = (
				4079DB27251C2E1F00C2906A /* Pull.swift */,
				40A1A6E8251DCCB1007B44E7 /* File.swift */,
				40A1A6F5251E0C79007B44E7 /* Row.swift */,
			);
			path = Model;
			sourceTree = "<group>";
		};
		4079DB11251C245A00C2906A /* Views */ = {
			isa = PBXGroup;
			children = (
				4079DB2B251C47E400C2906A /* UIViewController+Ext.swift */,
			);
			path = Views;
			sourceTree = "<group>";
		};
		4079DB12251C246100C2906A /* ViewModel */ = {
			isa = PBXGroup;
			children = (
				4079DB2D251C483B00C2906A /* PullsViewModel.swift */,
				40A1A6EA251DCCE9007B44E7 /* FileViewModel.swift */,
				40A1A6F7251E0CD0007B44E7 /* RowViewModel.swift */,
			);
			path = ViewModel;
			sourceTree = "<group>";
		};
		4079DB13251C246700C2906A /* Controllers */ = {
			isa = PBXGroup;
			children = (
				4079DB2F251D061100C2906A /* PullRequestsTableView.swift */,
				40A1A6EE251DCE14007B44E7 /* DiffsViewController.swift */,
			);
			path = Controllers;
			sourceTree = "<group>";
		};
		4079DB14251C247A00C2906A /* Support */ = {
			isa = PBXGroup;
			children = (
				4079DAFD251C219E00C2906A /* SceneDelegate.swift */,
				4079DAFB251C219E00C2906A /* AppDelegate.swift */,
				4079DB04251C21A000C2906A /* Assets.xcassets */,
			);
			path = Support;
			sourceTree = "<group>";
		};
		4079DB15251C248D00C2906A /* Utilities */ = {
			isa = PBXGroup;
			children = (
				4079DB29251C429100C2906A /* ErrorMessage.swift */,
			);
			path = Utilities;
			sourceTree = "<group>";
		};
		4079DB17251C24B900C2906A /* Alerts */ = {
			isa = PBXGroup;
			children = (
				4079DB18251C26FC00C2906A /* CustomAlertController.swift */,
				4079DB1A251C273500C2906A /* AlertContainer.swift */,
			);
			path = Alerts;
			sourceTree = "<group>";
		};
		4079DB1C251C277200C2906A /* Labels */ = {
			isa = PBXGroup;
			children = (
				4079DB1D251C278B00C2906A /* TitleLabel.swift */,
				4079DB1F251C27C600C2906A /* BodyLabel.swift */,
				4079DB21251C283900C2906A /* SecondaryTitleLabel.swift */,
			);
			path = Labels;
			sourceTree = "<group>";
		};
		40A1A6E2251D9AE8007B44E7 /* Helper */ = {
			isa = PBXGroup;
			children = (
				40A1A6E3251D9AFE007B44E7 /* LayoutHelper.swift */,
			);
			path = Helper;
			sourceTree = "<group>";
		};
		40A1A6E5251DCC55007B44E7 /* Cells */ = {
			isa = PBXGroup;
			children = (
				4079DB31251D065200C2906A /* PullRequestCell.swift */,
				40A1A6F9251E0DF6007B44E7 /* SectionCell.swift */,
				40A1A6FB251E0E1D007B44E7 /* FileNameCell.swift */,
				40A1A6FD251E0E48007B44E7 /* DiffRowCell.swift */,
			);
			path = Cells;
			sourceTree = "<group>";
		};
		40A1A6F0251DEC90007B44E7 /* Buttons */ = {
			isa = PBXGroup;
			children = (
				40A1A6F1251DEC90007B44E7 /* CustomButton.swift */,
			);
			path = Buttons;
			sourceTree = "<group>";
		};
		40A1A6FF251E216D007B44E7 /* images */ = {
			isa = PBXGroup;
			children = (
				40A1A700251E2190007B44E7 /* image1.png */,
				40A1A701251E2190007B44E7 /* image2.png */,
			);
			path = images;
			sourceTree = "<group>";
		};
		ED0E24F69B35CF4DBA103AD6 /* Pods */ = {
			isa = PBXGroup;
			children = (
			);
			path = Pods;
			sourceTree = "<group>";
		};
/* End PBXGroup section */

/* Begin PBXNativeTarget section */
		4079DAF7251C219E00C2906A /* PullRequestsDiffs */ = {
			isa = PBXNativeTarget;
			buildConfigurationList = 4079DB0C251C21A000C2906A /* Build configuration list for PBXNativeTarget "PullRequestsDiffs" */;
			buildPhases = (
				4079DAF4251C219E00C2906A /* Sources */,
				4079DAF5251C219E00C2906A /* Frameworks */,
				4079DAF6251C219E00C2906A /* Resources */,
			);
			buildRules = (
			);
			dependencies = (
			);
			name = PullRequestsDiffs;
			productName = PullRequestsDiffs;
			productReference = 4079DAF8251C219E00C2906A /* PullRequestsDiffs.app */;
			productType = "com.apple.product-type.application";
		};
/* End PBXNativeTarget section */

/* Begin PBXProject section */
		4079DAF0251C219E00C2906A /* Project object */ = {
			isa = PBXProject;
			attributes = {
				LastSwiftUpdateCheck = 1160;
				LastUpgradeCheck = 1160;
				ORGANIZATIONNAME = "Fahad Al";
				TargetAttributes = {
					4079DAF7251C219E00C2906A = {
						CreatedOnToolsVersion = 11.6;
						LastSwiftMigration = 1160;
					};
				};
			};
			buildConfigurationList = 4079DAF3251C219E00C2906A /* Build configuration list for PBXProject "PullRequestsDiffs" */;
			compatibilityVersion = "Xcode 9.3";
			developmentRegion = en;
			hasScannedForEncodings = 0;
			knownRegions = (
				en,
				Base,
			);
			mainGroup = 4079DAEF251C219E00C2906A;
			productRefGroup = 4079DAF9251C219E00C2906A /* Products */;
			projectDirPath = "";
			projectRoot = "";
			targets = (
				4079DAF7251C219E00C2906A /* PullRequestsDiffs */,
			);
		};
/* End PBXProject section */

/* Begin PBXResourcesBuildPhase section */
		4079DAF6251C219E00C2906A /* Resources */ = {
			isa = PBXResourcesBuildPhase;
			buildActionMask = 2147483647;
			files = (
				4079DB08251C21A000C2906A /* LaunchScreen.storyboard in Resources */,
				40A1A703251E2190007B44E7 /* image2.png in Resources */,
				40A1A702251E2190007B44E7 /* image1.png in Resources */,
				4079DB05251C21A000C2906A /* Assets.xcassets in Resources */,
			);
			runOnlyForDeploymentPostprocessing = 0;
		};
/* End PBXResourcesBuildPhase section */

/* Begin PBXSourcesBuildPhase section */
		4079DAF4251C219E00C2906A /* Sources */ = {
			isa = PBXSourcesBuildPhase;
			buildActionMask = 2147483647;
			files = (
				4079DB28251C2E1F00C2906A /* Pull.swift in Sources */,
				40A1A6EF251DCE14007B44E7 /* DiffsViewController.swift in Sources */,
				40A1A6F2251DEC90007B44E7 /* CustomButton.swift in Sources */,
				4079DB1B251C273500C2906A /* AlertContainer.swift in Sources */,
				40A1A6FC251E0E1D007B44E7 /* FileNameCell.swift in Sources */,
				4079DB20251C27C600C2906A /* BodyLabel.swift in Sources */,
				4079DB2E251C483B00C2906A /* PullsViewModel.swift in Sources */,
				40A1A6FA251E0DF6007B44E7 /* SectionCell.swift in Sources */,
				4079DB2C251C47E400C2906A /* UIViewController+Ext.swift in Sources */,
				4079DB32251D065200C2906A /* PullRequestCell.swift in Sources */,
				4079DB2A251C429100C2906A /* ErrorMessage.swift in Sources */,
				4079DB19251C26FC00C2906A /* CustomAlertController.swift in Sources */,
				4079DB1E251C278B00C2906A /* TitleLabel.swift in Sources */,
				40A1A6E9251DCCB1007B44E7 /* File.swift in Sources */,
				4079DB30251D061100C2906A /* PullRequestsTableView.swift in Sources */,
				4079DAFC251C219E00C2906A /* AppDelegate.swift in Sources */,
				40A1A6F8251E0CD0007B44E7 /* RowViewModel.swift in Sources */,
				40A1A6F6251E0C79007B44E7 /* Row.swift in Sources */,
				40A1A6EB251DCCE9007B44E7 /* FileViewModel.swift in Sources */,
				4079DB26251C2DDB00C2906A /* Service.swift in Sources */,
				4079DB22251C283900C2906A /* SecondaryTitleLabel.swift in Sources */,
				40A1A6FE251E0E48007B44E7 /* DiffRowCell.swift in Sources */,
				4079DAFE251C219E00C2906A /* SceneDelegate.swift in Sources */,
				40A1A6E4251D9AFE007B44E7 /* LayoutHelper.swift in Sources */,
			);
			runOnlyForDeploymentPostprocessing = 0;
		};
/* End PBXSourcesBuildPhase section */

/* Begin PBXVariantGroup section */
		4079DB06251C21A000C2906A /* LaunchScreen.storyboard */ = {
			isa = PBXVariantGroup;
			children = (
				4079DB07251C21A000C2906A /* Base */,
			);
			name = LaunchScreen.storyboard;
			sourceTree = "<group>";
		};
/* End PBXVariantGroup section */

/* Begin XCBuildConfiguration section */
		4079DB0A251C21A000C2906A /* Debug */ = {
			isa = XCBuildConfiguration;
			buildSettings = {
				ALWAYS_SEARCH_USER_PATHS = NO;
				CLANG_ANALYZER_NONNULL = YES;
				CLANG_ANALYZER_NUMBER_OBJECT_CONVERSION = YES_AGGRESSIVE;
				CLANG_CXX_LANGUAGE_STANDARD = "gnu++14";
				CLANG_CXX_LIBRARY = "libc++";
				CLANG_ENABLE_MODULES = YES;
				CLANG_ENABLE_OBJC_ARC = YES;
				CLANG_ENABLE_OBJC_WEAK = YES;
				CLANG_WARN_BLOCK_CAPTURE_AUTORELEASING = YES;
				CLANG_WARN_BOOL_CONVERSION = YES;
				CLANG_WARN_COMMA = YES;
				CLANG_WARN_CONSTANT_CONVERSION = YES;
				CLANG_WARN_DEPRECATED_OBJC_IMPLEMENTATIONS = YES;
				CLANG_WARN_DIRECT_OBJC_ISA_USAGE = YES_ERROR;
				CLANG_WARN_DOCUMENTATION_COMMENTS = YES;
				CLANG_WARN_EMPTY_BODY = YES;
				CLANG_WARN_ENUM_CONVERSION = YES;
				CLANG_WARN_INFINITE_RECURSION = YES;
				CLANG_WARN_INT_CONVERSION = YES;
				CLANG_WARN_NON_LITERAL_NULL_CONVERSION = YES;
				CLANG_WARN_OBJC_IMPLICIT_RETAIN_SELF = YES;
				CLANG_WARN_OBJC_LITERAL_CONVERSION = YES;
				CLANG_WARN_OBJC_ROOT_CLASS = YES_ERROR;
				CLANG_WARN_RANGE_LOOP_ANALYSIS = YES;
				CLANG_WARN_STRICT_PROTOTYPES = YES;
				CLANG_WARN_SUSPICIOUS_MOVE = YES;
				CLANG_WARN_UNGUARDED_AVAILABILITY = YES_AGGRESSIVE;
				CLANG_WARN_UNREACHABLE_CODE = YES;
				CLANG_WARN__DUPLICATE_METHOD_MATCH = YES;
				COPY_PHASE_STRIP = NO;
				DEBUG_INFORMATION_FORMAT = dwarf;
				ENABLE_STRICT_OBJC_MSGSEND = YES;
				ENABLE_TESTABILITY = YES;
				GCC_C_LANGUAGE_STANDARD = gnu11;
				GCC_DYNAMIC_NO_PIC = NO;
				GCC_NO_COMMON_BLOCKS = YES;
				GCC_OPTIMIZATION_LEVEL = 0;
				GCC_PREPROCESSOR_DEFINITIONS = (
					"DEBUG=1",
					"$(inherited)",
				);
				GCC_WARN_64_TO_32_BIT_CONVERSION = YES;
				GCC_WARN_ABOUT_RETURN_TYPE = YES_ERROR;
				GCC_WARN_UNDECLARED_SELECTOR = YES;
				GCC_WARN_UNINITIALIZED_AUTOS = YES_AGGRESSIVE;
				GCC_WARN_UNUSED_FUNCTION = YES;
				GCC_WARN_UNUSED_VARIABLE = YES;
				IPHONEOS_DEPLOYMENT_TARGET = 13.6;
				MTL_ENABLE_DEBUG_INFO = INCLUDE_SOURCE;
				MTL_FAST_MATH = YES;
				ONLY_ACTIVE_ARCH = YES;
				SDKROOT = iphoneos;
				SWIFT_ACTIVE_COMPILATION_CONDITIONS = DEBUG;
				SWIFT_OPTIMIZATION_LEVEL = "-Onone";
			};
			name = Debug;
		};
		4079DB0B251C21A000C2906A /* Release */ = {
			isa = XCBuildConfiguration;
			buildSettings = {
				ALWAYS_SEARCH_USER_PATHS = NO;
				CLANG_ANALYZER_NONNULL = YES;
				CLANG_ANALYZER_NUMBER_OBJECT_CONVERSION = YES_AGGRESSIVE;
				CLANG_CXX_LANGUAGE_STANDARD = "gnu++14";
				CLANG_CXX_LIBRARY = "libc++";
				CLANG_ENABLE_MODULES = YES;
				CLANG_ENABLE_OBJC_ARC = YES;
				CLANG_ENABLE_OBJC_WEAK = YES;
				CLANG_WARN_BLOCK_CAPTURE_AUTORELEASING = YES;
				CLANG_WARN_BOOL_CONVERSION = YES;
				CLANG_WARN_COMMA = YES;
				CLANG_WARN_CONSTANT_CONVERSION = YES;
				CLANG_WARN_DEPRECATED_OBJC_IMPLEMENTATIONS = YES;
				CLANG_WARN_DIRECT_OBJC_ISA_USAGE = YES_ERROR;
				CLANG_WARN_DOCUMENTATION_COMMENTS = YES;
				CLANG_WARN_EMPTY_BODY = YES;
				CLANG_WARN_ENUM_CONVERSION = YES;
				CLANG_WARN_INFINITE_RECURSION = YES;
				CLANG_WARN_INT_CONVERSION = YES;
				CLANG_WARN_NON_LITERAL_NULL_CONVERSION = YES;
				CLANG_WARN_OBJC_IMPLICIT_RETAIN_SELF = YES;
				CLANG_WARN_OBJC_LITERAL_CONVERSION = YES;
				CLANG_WARN_OBJC_ROOT_CLASS = YES_ERROR;
				CLANG_WARN_RANGE_LOOP_ANALYSIS = YES;
				CLANG_WARN_STRICT_PROTOTYPES = YES;
				CLANG_WARN_SUSPICIOUS_MOVE = YES;
				CLANG_WARN_UNGUARDED_AVAILABILITY = YES_AGGRESSIVE;
				CLANG_WARN_UNREACHABLE_CODE = YES;
				CLANG_WARN__DUPLICATE_METHOD_MATCH = YES;
				COPY_PHASE_STRIP = NO;
				DEBUG_INFORMATION_FORMAT = "dwarf-with-dsym";
				ENABLE_NS_ASSERTIONS = NO;
				ENABLE_STRICT_OBJC_MSGSEND = YES;
				GCC_C_LANGUAGE_STANDARD = gnu11;
				GCC_NO_COMMON_BLOCKS = YES;
				GCC_WARN_64_TO_32_BIT_CONVERSION = YES;
				GCC_WARN_ABOUT_RETURN_TYPE = YES_ERROR;
				GCC_WARN_UNDECLARED_SELECTOR = YES;
				GCC_WARN_UNINITIALIZED_AUTOS = YES_AGGRESSIVE;
				GCC_WARN_UNUSED_FUNCTION = YES;
				GCC_WARN_UNUSED_VARIABLE = YES;
				IPHONEOS_DEPLOYMENT_TARGET = 13.6;
				MTL_ENABLE_DEBUG_INFO = NO;
				MTL_FAST_MATH = YES;
				SDKROOT = iphoneos;
				SWIFT_COMPILATION_MODE = wholemodule;
				SWIFT_OPTIMIZATION_LEVEL = "-O";
				VALIDATE_PRODUCT = YES;
			};
			name = Release;
		};
		4079DB0D251C21A000C2906A /* Debug */ = {
			isa = XCBuildConfiguration;
			buildSettings = {
				ASSETCATALOG_COMPILER_APPICON_NAME = AppIcon;
				CLANG_ENABLE_MODULES = YES;
				CODE_SIGN_STYLE = Automatic;
				DEVELOPMENT_TEAM = B66ANGU77M;
				INFOPLIST_FILE = PullRequestsDiffs/Info.plist;
				LD_RUNPATH_SEARCH_PATHS = (
					"$(inherited)",
					"@executable_path/Frameworks",
				);
				PRODUCT_BUNDLE_IDENTIFIER = com.almehf.PullRequestsDiffs;
				PRODUCT_NAME = "$(TARGET_NAME)";
				SWIFT_OPTIMIZATION_LEVEL = "-Onone";
				SWIFT_VERSION = 5.0;
				TARGETED_DEVICE_FAMILY = "1,2";
			};
			name = Debug;
		};
		4079DB0E251C21A000C2906A /* Release */ = {
			isa = XCBuildConfiguration;
			buildSettings = {
				ASSETCATALOG_COMPILER_APPICON_NAME = AppIcon;
				CLANG_ENABLE_MODULES = YES;
				CODE_SIGN_STYLE = Automatic;
				DEVELOPMENT_TEAM = B66ANGU77M;
				INFOPLIST_FILE = PullRequestsDiffs/Info.plist;
				LD_RUNPATH_SEARCH_PATHS = (
					"$(inherited)",
					"@executable_path/Frameworks",
				);
				PRODUCT_BUNDLE_IDENTIFIER = com.almehf.PullRequestsDiffs;
				PRODUCT_NAME = "$(TARGET_NAME)";
				SWIFT_VERSION = 5.0;
				TARGETED_DEVICE_FAMILY = "1,2";
			};
			name = Release;
		};
/* End XCBuildConfiguration section */

/* Begin XCConfigurationList section */
		4079DAF3251C219E00C2906A /* Build configuration list for PBXProject "PullRequestsDiffs" */ = {
			isa = XCConfigurationList;
			buildConfigurations = (
				4079DB0A251C21A000C2906A /* Debug */,
				4079DB0B251C21A000C2906A /* Release */,
			);
			defaultConfigurationIsVisible = 0;
			defaultConfigurationName = Release;
		};
		4079DB0C251C21A000C2906A /* Build configuration list for PBXNativeTarget "PullRequestsDiffs" */ = {
			isa = XCConfigurationList;
			buildConfigurations = (
				4079DB0D251C21A000C2906A /* Debug */,
				4079DB0E251C21A000C2906A /* Release */,
			);
			defaultConfigurationIsVisible = 0;
			defaultConfigurationName = Release;
		};
/* End XCConfigurationList section */
	};
	rootObject = 4079DAF0251C219E00C2906A /* Project object */;
}
